{
  "nodes": {
    "nixpkgs": {
      "locked": {
        "lastModified": 1756850628,
        "narHash": "sha256-eLQBLtEduA2vGoHmeaI99eINzoTZUDcLDpAl0z+p19c=",
        "owner": "arachnist",
        "repo": "nixpkgs",
        "rev": "a1f46cf748fecb81450d8139cbea1a32414a97a3",
        "type": "github"
      },
      "original": {
        "owner": "arachnist",
        "ref": "ar-patchset-unstable",
        "repo": "nixpkgs",
        "type": "github"
      }
    },
    "root": {
      "inputs": {
        "nixpkgs": "nixpkgs"
      }
    }
  },
  "root": "root",
  "version": 7
}
